
Microsoft Visual Studio Solution File, Format Version 12.00
# Visual Studio Version 16
VisualStudioVersion = 16.0.29519.87
MinimumVisualStudioVersion = 10.0.40219.1
Project("{9A19103F-16F7-4668-BE54-9A1E7A4F7556}") = "PokeProgram", "PokeProgram\PokeProgram.csproj", "{106C90EE-350A-43C9-9B62-BABBDEDD9AAF}"
EndProject
Global
	GlobalSection(SolutionConfigurationPlatforms) = preSolution
		Debug|Any CPU = Debug|Any CPU
		Release|Any CPU = Release|Any CPU
	EndGlobalSection
	GlobalSection(ProjectConfigurationPlatforms) = postSolution
		{106C90EE-350A-43C9-9B62-BABBDEDD9AAF}.Debug|Any CPU.ActiveCfg = Debug|Any CPU
		{106C90EE-350A-43C9-9B62-BABBDEDD9AAF}.Debug|Any CPU.Build.0 = Debug|Any CPU
		{106C90EE-350A-43C9-9B62-BABBDEDD9AAF}.Release|Any CPU.ActiveCfg = Release|Any CPU
		{106C90EE-350A-43C9-9B62-BABBDEDD9AAF}.Release|Any CPU.Build.0 = Release|Any CPU
	EndGlobalSection
	GlobalSection(SolutionProperties) = preSolution
		HideSolutionNode = FALSE
	EndGlobalSection
	GlobalSection(ExtensibilityGlobals) = postSolution
		SolutionGuid = {D0FF7213-436B-4121-8801-657ED24AFED7}
	EndGlobalSection
EndGlobal
